
Microsoft Visual Studio Solution File, Format Version 12.00
# Visual Studio 14
VisualStudioVersion = 14.0.24720.0
MinimumVisualStudioVersion = 10.0.40219.1
Project("{FAE04EC0-301F-11D3-BF4B-00C04F79EFBC}") = "EulerLib", "lib\dotnet\EulerLib\EulerLib.csproj", "{E5E8FD77-4C68-427F-ACA1-8EB6DD33AB62}"
EndProject
Project("{FAE04EC0-301F-11D3-BF4B-00C04F79EFBC}") = "VSUnitTests", "test\VSUnitTests\VSUnitTests.csproj", "{B41EC2D0-242A-468D-B883-79EEAF0558C5}"
EndProject
Project("{FAE04EC0-301F-11D3-BF4B-00C04F79EFBC}") = "Problem36-VS", "problem_036\Problem36-CSharp\Problem36-VS.csproj", "{E224DFE0-3314-4F55-BDCB-0B46381FC65A}"
EndProject
Project("{FAE04EC0-301F-11D3-BF4B-00C04F79EFBC}") = "Problem39-VS", "problem_039\csharp\Problem39-VS.csproj", "{9B398C7F-5CD8-4222-91F5-9A758C9B2CA9}"
EndProject
Project("{FAE04EC0-301F-11D3-BF4B-00C04F79EFBC}") = "Problem40-VS", "problem_040\csharp\Problem40-VS.csproj", "{DCD4F773-902A-42F7-B583-7DC981E9D9FA}"
EndProject
Project("{FAE04EC0-301F-11D3-BF4B-00C04F79EFBC}") = "Problem46-VS", "problem_046\csharp\Problem46-VS\Problem46-VS.csproj", "{B4CAC322-860B-43B9-AC70-AF2CD38BFB89}"
EndProject
Project("{FAE04EC0-301F-11D3-BF4B-00C04F79EFBC}") = "Problem49-VS", "problem_049\csharp\Problem49-VS\Problem49-VS.csproj", "{3AEDC71E-1E6F-4E4A-8FD2-B2ECE009A32D}"
EndProject
Project("{FAE04EC0-301F-11D3-BF4B-00C04F79EFBC}") = "problem54-VS", "problem_054\problem54-VS\problem54-VS.csproj", "{2B0321D0-7AF8-427C-8A14-2B06EDFC58E4}"
EndProject
Project("{FAE04EC0-301F-11D3-BF4B-00C04F79EFBC}") = "Monopoly", "problem_084\Monopoly.csproj", "{689B84E2-37DF-4DF3-8878-1C58C9E3D9D1}"
EndProject
Project("{FAE04EC0-301F-11D3-BF4B-00C04F79EFBC}") = "problem_098", "problem_098\problem_098.csproj", "{8FCE0BA9-EBB7-422C-B204-6F2E2AE52D74}"
EndProject
Project("{FAE04EC0-301F-11D3-BF4B-00C04F79EFBC}") = "problem_102", "problem_102\problem_102.csproj", "{E6C6C596-59BE-40CF-9CD2-2F09F589A2E1}"
EndProject
Global
	GlobalSection(SolutionConfigurationPlatforms) = preSolution
		Debug|Any CPU = Debug|Any CPU
		Release|Any CPU = Release|Any CPU
	EndGlobalSection
	GlobalSection(ProjectConfigurationPlatforms) = postSolution
		{E5E8FD77-4C68-427F-ACA1-8EB6DD33AB62}.Debug|Any CPU.ActiveCfg = Debug|Any CPU
		{E5E8FD77-4C68-427F-ACA1-8EB6DD33AB62}.Debug|Any CPU.Build.0 = Debug|Any CPU
		{E5E8FD77-4C68-427F-ACA1-8EB6DD33AB62}.Release|Any CPU.ActiveCfg = Release|Any CPU
		{E5E8FD77-4C68-427F-ACA1-8EB6DD33AB62}.Release|Any CPU.Build.0 = Release|Any CPU
		{B41EC2D0-242A-468D-B883-79EEAF0558C5}.Debug|Any CPU.ActiveCfg = Debug|Any CPU
		{B41EC2D0-242A-468D-B883-79EEAF0558C5}.Debug|Any CPU.Build.0 = Debug|Any CPU
		{B41EC2D0-242A-468D-B883-79EEAF0558C5}.Release|Any CPU.ActiveCfg = Release|Any CPU
		{B41EC2D0-242A-468D-B883-79EEAF0558C5}.Release|Any CPU.Build.0 = Release|Any CPU
		{E224DFE0-3314-4F55-BDCB-0B46381FC65A}.Debug|Any CPU.ActiveCfg = Debug|Any CPU
		{E224DFE0-3314-4F55-BDCB-0B46381FC65A}.Debug|Any CPU.Build.0 = Debug|Any CPU
		{E224DFE0-3314-4F55-BDCB-0B46381FC65A}.Release|Any CPU.ActiveCfg = Release|Any CPU
		{E224DFE0-3314-4F55-BDCB-0B46381FC65A}.Release|Any CPU.Build.0 = Release|Any CPU
		{9B398C7F-5CD8-4222-91F5-9A758C9B2CA9}.Debug|Any CPU.ActiveCfg = Debug|Any CPU
		{9B398C7F-5CD8-4222-91F5-9A758C9B2CA9}.Debug|Any CPU.Build.0 = Debug|Any CPU
		{9B398C7F-5CD8-4222-91F5-9A758C9B2CA9}.Release|Any CPU.ActiveCfg = Release|Any CPU
		{9B398C7F-5CD8-4222-91F5-9A758C9B2CA9}.Release|Any CPU.Build.0 = Release|Any CPU
		{DCD4F773-902A-42F7-B583-7DC981E9D9FA}.Debug|Any CPU.ActiveCfg = Debug|Any CPU
		{DCD4F773-902A-42F7-B583-7DC981E9D9FA}.Debug|Any CPU.Build.0 = Debug|Any CPU
		{DCD4F773-902A-42F7-B583-7DC981E9D9FA}.Release|Any CPU.ActiveCfg = Release|Any CPU
		{DCD4F773-902A-42F7-B583-7DC981E9D9FA}.Release|Any CPU.Build.0 = Release|Any CPU
		{B4CAC322-860B-43B9-AC70-AF2CD38BFB89}.Debug|Any CPU.ActiveCfg = Debug|Any CPU
		{B4CAC322-860B-43B9-AC70-AF2CD38BFB89}.Debug|Any CPU.Build.0 = Debug|Any CPU
		{B4CAC322-860B-43B9-AC70-AF2CD38BFB89}.Release|Any CPU.ActiveCfg = Release|Any CPU
		{B4CAC322-860B-43B9-AC70-AF2CD38BFB89}.Release|Any CPU.Build.0 = Release|Any CPU
		{3AEDC71E-1E6F-4E4A-8FD2-B2ECE009A32D}.Debug|Any CPU.ActiveCfg = Debug|Any CPU
		{3AEDC71E-1E6F-4E4A-8FD2-B2ECE009A32D}.Debug|Any CPU.Build.0 = Debug|Any CPU
		{3AEDC71E-1E6F-4E4A-8FD2-B2ECE009A32D}.Release|Any CPU.ActiveCfg = Release|Any CPU
		{3AEDC71E-1E6F-4E4A-8FD2-B2ECE009A32D}.Release|Any CPU.Build.0 = Release|Any CPU
		{2B0321D0-7AF8-427C-8A14-2B06EDFC58E4}.Debug|Any CPU.ActiveCfg = Debug|Any CPU
		{2B0321D0-7AF8-427C-8A14-2B06EDFC58E4}.Debug|Any CPU.Build.0 = Debug|Any CPU
		{2B0321D0-7AF8-427C-8A14-2B06EDFC58E4}.Release|Any CPU.ActiveCfg = Release|Any CPU
		{2B0321D0-7AF8-427C-8A14-2B06EDFC58E4}.Release|Any CPU.Build.0 = Release|Any CPU
		{689B84E2-37DF-4DF3-8878-1C58C9E3D9D1}.Debug|Any CPU.ActiveCfg = Debug|Any CPU
		{689B84E2-37DF-4DF3-8878-1C58C9E3D9D1}.Debug|Any CPU.Build.0 = Debug|Any CPU
		{689B84E2-37DF-4DF3-8878-1C58C9E3D9D1}.Release|Any CPU.ActiveCfg = Release|Any CPU
		{689B84E2-37DF-4DF3-8878-1C58C9E3D9D1}.Release|Any CPU.Build.0 = Release|Any CPU
		{8FCE0BA9-EBB7-422C-B204-6F2E2AE52D74}.Debug|Any CPU.ActiveCfg = Debug|Any CPU
		{8FCE0BA9-EBB7-422C-B204-6F2E2AE52D74}.Debug|Any CPU.Build.0 = Debug|Any CPU
		{8FCE0BA9-EBB7-422C-B204-6F2E2AE52D74}.Release|Any CPU.ActiveCfg = Release|Any CPU
		{8FCE0BA9-EBB7-422C-B204-6F2E2AE52D74}.Release|Any CPU.Build.0 = Release|Any CPU
		{E6C6C596-59BE-40CF-9CD2-2F09F589A2E1}.Debug|Any CPU.ActiveCfg = Debug|Any CPU
		{E6C6C596-59BE-40CF-9CD2-2F09F589A2E1}.Debug|Any CPU.Build.0 = Debug|Any CPU
		{E6C6C596-59BE-40CF-9CD2-2F09F589A2E1}.Release|Any CPU.ActiveCfg = Release|Any CPU
		{E6C6C596-59BE-40CF-9CD2-2F09F589A2E1}.Release|Any CPU.Build.0 = Release|Any CPU
	EndGlobalSection
	GlobalSection(SolutionProperties) = preSolution
		HideSolutionNode = FALSE
	EndGlobalSection
EndGlobal
