
Microsoft Visual Studio Solution File, Format Version 12.00
# Visual Studio 2012
Project("{FAE04EC0-301F-11D3-BF4B-00C04F79EFBC}") = "ploblem31cs", "ploblem31cs.csproj", "{AF843B87-2A7D-41B9-A5E2-FAA525CEEEDF}"
EndProject
Global
	GlobalSection(SolutionConfigurationPlatforms) = preSolution
		Debug|x86 = Debug|x86
		Release|x86 = Release|x86
	EndGlobalSection
	GlobalSection(ProjectConfigurationPlatforms) = postSolution
		{AF843B87-2A7D-41B9-A5E2-FAA525CEEEDF}.Debug|x86.ActiveCfg = Debug|x86
		{AF843B87-2A7D-41B9-A5E2-FAA525CEEEDF}.Debug|x86.Build.0 = Debug|x86
		{AF843B87-2A7D-41B9-A5E2-FAA525CEEEDF}.Release|x86.ActiveCfg = Release|x86
		{AF843B87-2A7D-41B9-A5E2-FAA525CEEEDF}.Release|x86.Build.0 = Release|x86
	EndGlobalSection
EndGlobal
