
Microsoft Visual Studio Solution File, Format Version 12.00
# Visual Studio 2012
Project("{FAE04EC0-301F-11D3-BF4B-00C04F79EFBC}") = "solution24", "solution24\solution24.csproj", "{0975C264-498F-43B7-91BC-C0B94F7ACCDE}"
EndProject
Global
	GlobalSection(SolutionConfigurationPlatforms) = preSolution
		Debug|x86 = Debug|x86
		Release|x86 = Release|x86
	EndGlobalSection
	GlobalSection(ProjectConfigurationPlatforms) = postSolution
		{0975C264-498F-43B7-91BC-C0B94F7ACCDE}.Debug|x86.ActiveCfg = Debug|x86
		{0975C264-498F-43B7-91BC-C0B94F7ACCDE}.Debug|x86.Build.0 = Debug|x86
		{0975C264-498F-43B7-91BC-C0B94F7ACCDE}.Release|x86.ActiveCfg = Release|x86
		{0975C264-498F-43B7-91BC-C0B94F7ACCDE}.Release|x86.Build.0 = Release|x86
	EndGlobalSection
EndGlobal
